{
  "socketPath": "/tmp/mcp-aHxNpi/mcp.sock",
  "scheme": "unix",
  "headers": {
    "Authorization": "Nonce f53dc16b-5e15-491d-b806-47c100ad6bfa"
  },
  "pid": 2083748,
  "ideName": "Visual Studio Code",
  "timestamp": 1774028750849,
  "workspaceFolders": [
    "/edata/obdw/sandwich_analysis_data"
  ],
  "isTrusted": true
}