{
  "socketPath": "/tmp/mcp-gdO0lj/mcp.sock",
  "scheme": "unix",
  "headers": {
    "Authorization": "Nonce d1a49ef0-3fc9-4b91-9ac4-9abdca0eb903"
  },
  "pid": 166979,
  "ideName": "Visual Studio Code",
  "timestamp": 1776786741583,
  "workspaceFolders": [
    "/home/NETID/emd5"
  ],
  "isTrusted": true
}