{
  "socketPath": "/tmp/mcp-SIxlk8/mcp.sock",
  "scheme": "unix",
  "headers": {
    "Authorization": "Nonce 11e2f21b-9df4-4dce-aee9-4927d23b64c8"
  },
  "pid": 902542,
  "ideName": "Visual Studio Code",
  "timestamp": 1772559438923,
  "workspaceFolders": [
    "/edata/obdw/sandwich_analysis_data"
  ],
  "isTrusted": true
}