{
  "socketPath": "/tmp/mcp-XOmFFk/mcp.sock",
  "scheme": "unix",
  "headers": {
    "Authorization": "Nonce a831bd58-117c-4853-a557-de32213e5c64"
  },
  "pid": 971674,
  "ideName": "Visual Studio Code",
  "timestamp": 1772579413958,
  "workspaceFolders": [
    "/edata/obdw/sandwich_analysis_data"
  ],
  "isTrusted": true
}