{
  "socketPath": "/tmp/mcp-8bPRYl/mcp.sock",
  "scheme": "unix",
  "headers": {
    "Authorization": "Nonce 5bbb5913-db37-4bea-b942-e9178c604708"
  },
  "pid": 292339,
  "ideName": "Visual Studio Code",
  "timestamp": 1775841040769,
  "workspaceFolders": [
    "/home/NETID/emd5"
  ],
  "isTrusted": true
}