{
  "socketPath": "/tmp/mcp-lC50ni/mcp.sock",
  "scheme": "unix",
  "headers": {
    "Authorization": "Nonce 8266eeb9-ed67-46c3-9bef-d53b319cde68"
  },
  "pid": 1059343,
  "ideName": "Visual Studio Code",
  "timestamp": 1776460818189,
  "workspaceFolders": [
    "/home/NETID/emd5"
  ],
  "isTrusted": true
}