{
  "socketPath": "/tmp/mcp-nyUm2t/mcp.sock",
  "scheme": "unix",
  "headers": {
    "Authorization": "Nonce 97e23032-f806-4872-aedc-25b02bccebb9"
  },
  "pid": 1087952,
  "ideName": "Visual Studio Code",
  "timestamp": 1776469731851,
  "workspaceFolders": [
    "/home/NETID/emd5"
  ],
  "isTrusted": true
}