{
  "socketPath": "/tmp/mcp-fOOxGO/mcp.sock",
  "scheme": "unix",
  "headers": {
    "Authorization": "Nonce f38a7427-ecdc-4213-b728-705258e8e51e"
  },
  "pid": 61337,
  "ideName": "Visual Studio Code",
  "timestamp": 1775771505400,
  "workspaceFolders": [
    "/home/NETID/emd5"
  ],
  "isTrusted": true
}