{
  "socketPath": "/tmp/mcp-r36tb2/mcp.sock",
  "scheme": "unix",
  "headers": {
    "Authorization": "Nonce 6ef5911a-f27e-4fee-a86d-9d021a2ab2d4"
  },
  "pid": 2105907,
  "ideName": "Visual Studio Code",
  "timestamp": 1774036878048,
  "workspaceFolders": [
    "/edata/obdw/sandwich_analysis_data"
  ],
  "isTrusted": true
}