{
  "socketPath": "/tmp/mcp-d2COnZ/mcp.sock",
  "scheme": "unix",
  "headers": {
    "Authorization": "Nonce b8df0b0a-07b9-442e-b5e4-17322d37fb88"
  },
  "pid": 2553195,
  "ideName": "Visual Studio Code",
  "timestamp": 1773076392808,
  "workspaceFolders": [
    "/edata/obdw/sandwich_analysis_data"
  ],
  "isTrusted": true
}