{
  "socketPath": "/tmp/mcp-OTbDFn/mcp.sock",
  "scheme": "unix",
  "headers": {
    "Authorization": "Nonce af0ab0a9-81f1-487d-94ee-948e120b3fff"
  },
  "pid": 265727,
  "ideName": "Visual Studio Code",
  "timestamp": 1776809878497,
  "workspaceFolders": [
    "/home/NETID/emd5"
  ],
  "isTrusted": true
}