{
  "socketPath": "/tmp/mcp-HE5qOq/mcp.sock",
  "scheme": "unix",
  "headers": {
    "Authorization": "Nonce 74f55f7b-9e1d-4f8c-b4f9-e81454267a00"
  },
  "pid": 815138,
  "ideName": "Visual Studio Code",
  "timestamp": 1772507931342,
  "workspaceFolders": [
    "/edata/obdw/sandwich_analysis_data"
  ],
  "isTrusted": true
}